# Generated by GitHub Actions from registry manifest metadata.
# Keep Dockerfiles/Compose pinned to these exact immutable references.
DOTNET_SDK=mcr.microsoft.com/dotnet/sdk:10.0@sha256:2fa828c68761b1b8c23d7662dc134421b9d3b59fe1425fdbc80804e390cdb24d
DOTNET_ASPNET=mcr.microsoft.com/dotnet/aspnet:10.0@sha256:6a94333d37514e385650a3c81a55e5350b67253dbe136e9cf17e499c35606a8c
DOTNET_RUNTIME=mcr.microsoft.com/dotnet/runtime:10.0@sha256:8a153b5889d796b6450295b383596b13308c24c230515f8a7770ce1b94e0c460
NODE_RUNTIME=node:22-alpine@sha256:c610fcdfb1d5b4740dd70c284ed3cb16bb857e0f7166196e36a5501df7a3aa32
NGINX_RUNTIME=nginx:1.29-alpine@sha256:5616878291a2eed594aee8db4dade5878cf7edcb475e59193904b198d9b830de
