# Generated from GitHub tag refs and Docker Registry manifest metadata.
# Workflow uses and CI service images must match these immutable identities.
ACTIONS_CHECKOUT=actions/checkout@fbc6f3992d24b796d5a048ff273f7fcc4a7b6c09
ACTIONS_SETUP_DOTNET=actions/setup-dotnet@26b0ec14cb23fa6904739307f278c14f94c95bf1
ACTIONS_SETUP_NODE=actions/setup-node@49933ea5288caeca8642d1e84afbd3f7d6820020
ACTIONS_SETUP_JAVA=actions/setup-java@b6effb05e454b25005698d916606bdc6ffcbf961
ACTIONS_UPLOAD_ARTIFACT=actions/upload-artifact@ea165f8d65b6e75b540449e92b4886f43607fa02
CI_POSTGRES=postgres:17-alpine@sha256:18cfe3ef5e6815560c98237d6216d1e5119702fb0f3894c8785dd58b8bbe5d73
